Microsoft Visual Studio Solution File, Format Version 12.00
# Visual Studio 15
VisualStudioVersion = 15.0.26124.0
MinimumVisualStudioVersion = 15.0.26124.0
Project("{2150E333-8FDC-42A3-9474-1A3956D46DE8}") = "src", "src", "{B73AC437-58D6-4F8D-8FBB-E91A95A25C33}"
EndProject
Project("{9A19103F-16F7-4668-BE54-9A1E7A4F7556}") = "PalTracker", "src\PalTracker\PalTracker.csproj", "{506ACBFF-6D96-494D-A047-9359718ECA76}"
EndProject
Project("{2150E333-8FDC-42A3-9474-1A3956D46DE8}") = "test", "test", "{4C09A131-E385-4F2D-AEB1-834547C3E5EC}"
EndProject
Project("{9A19103F-16F7-4668-BE54-9A1E7A4F7556}") = "PalTrackerTests", "test\PalTrackerTests\PalTrackerTests.csproj", "{6491B6B4-1682-43B2-B663-7C58883124B5}"
EndProject
Global
	GlobalSection(SolutionConfigurationPlatforms) = preSolution
		Debug|Any CPU = Debug|Any CPU
		Debug|x64 = Debug|x64
		Debug|x86 = Debug|x86
		Release|Any CPU = Release|Any CPU
		Release|x64 = Release|x64
		Release|x86 = Release|x86
	EndGlobalSection
	GlobalSection(ProjectConfigurationPlatforms) = postSolution
		{506ACBFF-6D96-494D-A047-9359718ECA76}.Debug|Any CPU.ActiveCfg = Debug|Any CPU
		{506ACBFF-6D96-494D-A047-9359718ECA76}.Debug|Any CPU.Build.0 = Debug|Any CPU
		{506ACBFF-6D96-494D-A047-9359718ECA76}.Debug|x64.ActiveCfg = Debug|Any CPU
		{506ACBFF-6D96-494D-A047-9359718ECA76}.Debug|x64.Build.0 = Debug|Any CPU
		{506ACBFF-6D96-494D-A047-9359718ECA76}.Debug|x86.ActiveCfg = Debug|Any CPU
		{506ACBFF-6D96-494D-A047-9359718ECA76}.Debug|x86.Build.0 = Debug|Any CPU
		{506ACBFF-6D96-494D-A047-9359718ECA76}.Release|Any CPU.ActiveCfg = Release|Any CPU
		{506ACBFF-6D96-494D-A047-9359718ECA76}.Release|Any CPU.Build.0 = Release|Any CPU
		{506ACBFF-6D96-494D-A047-9359718ECA76}.Release|x64.ActiveCfg = Release|Any CPU
		{506ACBFF-6D96-494D-A047-9359718ECA76}.Release|x64.Build.0 = Release|Any CPU
		{506ACBFF-6D96-494D-A047-9359718ECA76}.Release|x86.ActiveCfg = Release|Any CPU
		{506ACBFF-6D96-494D-A047-9359718ECA76}.Release|x86.Build.0 = Release|Any CPU
		{6491B6B4-1682-43B2-B663-7C58883124B5}.Debug|Any CPU.ActiveCfg = Debug|Any CPU
		{6491B6B4-1682-43B2-B663-7C58883124B5}.Debug|Any CPU.Build.0 = Debug|Any CPU
		{6491B6B4-1682-43B2-B663-7C58883124B5}.Debug|x64.ActiveCfg = Debug|Any CPU
		{6491B6B4-1682-43B2-B663-7C58883124B5}.Debug|x64.Build.0 = Debug|Any CPU
		{6491B6B4-1682-43B2-B663-7C58883124B5}.Debug|x86.ActiveCfg = Debug|Any CPU
		{6491B6B4-1682-43B2-B663-7C58883124B5}.Debug|x86.Build.0 = Debug|Any CPU
		{6491B6B4-1682-43B2-B663-7C58883124B5}.Release|Any CPU.ActiveCfg = Release|Any CPU
		{6491B6B4-1682-43B2-B663-7C58883124B5}.Release|Any CPU.Build.0 = Release|Any CPU
		{6491B6B4-1682-43B2-B663-7C58883124B5}.Release|x64.ActiveCfg = Release|Any CPU
		{6491B6B4-1682-43B2-B663-7C58883124B5}.Release|x64.Build.0 = Release|Any CPU
		{6491B6B4-1682-43B2-B663-7C58883124B5}.Release|x86.ActiveCfg = Release|Any CPU
		{6491B6B4-1682-43B2-B663-7C58883124B5}.Release|x86.Build.0 = Release|Any CPU
	EndGlobalSection
	GlobalSection(SolutionProperties) = preSolution
		HideSolutionNode = FALSE
	EndGlobalSection
	GlobalSection(NestedProjects) = preSolution
		{506ACBFF-6D96-494D-A047-9359718ECA76} = {B73AC437-58D6-4F8D-8FBB-E91A95A25C33}
		{6491B6B4-1682-43B2-B663-7C58883124B5} = {4C09A131-E385-4F2D-AEB1-834547C3E5EC}
	EndGlobalSection
	GlobalSection(ExtensibilityGlobals) = postSolution
		SolutionGuid = {B6797E3E-3D84-439C-96DF-C77B9F71775C}
	EndGlobalSection
EndGlobal
